// !$*UTF8*$!
{
	archiveVersion = 1;
	classes = {
	};
	objectVersion = 56;
	objects = {

/* Begin PBXBuildFile section */
		235800729A16A3F4AD327304 /* Pods_GmapCurrentLocationapp.framework in Frameworks */ = {isa = PBXBuildFile; fileRef = 7ED293D1B3FFC2E0CA6E9976 /* Pods_GmapCurrentLocationapp.framework */; };
		A0924FB92A31C831009295E1 /* AppDelegate.swift in Sources */ = {isa = PBXBuildFile; fileRef = A0924FB82A31C831009295E1 /* AppDelegate.swift */; };
		A0924FBB2A31C831009295E1 /* SceneDelegate.swift in Sources */ = {isa = PBXBuildFile; fileRef = A0924FBA2A31C831009295E1 /* SceneDelegate.swift */; };
		A0924FBD2A31C831009295E1 /* ViewController.swift in Sources */ = {isa = PBXBuildFile; fileRef = A0924FBC2A31C831009295E1 /* ViewController.swift */; };
		A0924FC02A31C831009295E1 /* Main.storyboard in Resources */ = {isa = PBXBuildFile; fileRef = A0924FBE2A31C831009295E1 /* Main.storyboard */; };
		A0924FC22A31C832009295E1 /* Assets.xcassets in Resources */ = {isa = PBXBuildFile; fileRef = A0924FC12A31C832009295E1 /* Assets.xcassets */; };
		A0924FC52A31C832009295E1 /* LaunchScreen.storyboard in Resources */ = {isa = PBXBuildFile; fileRef = A0924FC32A31C832009295E1 /* LaunchScreen.storyboard */; };
/* End PBXBuildFile section */

/* Begin PBXFileReference section */
		7ED293D1B3FFC2E0CA6E9976 /* Pods_GmapCurrentLocationapp.framework */ = {isa = PBXFileReference; explicitFileType = wrapper.framework; includeInIndex = 0; path = Pods_GmapCurrentLocationapp.framework; sourceTree = BUILT_PRODUCTS_DIR; };
		A0924FB52A31C831009295E1 /* GmapCurrentLocationapp.app */ = {isa = PBXFileReference; explicitFileType = wrapper.application; includeInIndex = 0; path = GmapCurrentLocationapp.app; sourceTree = BUILT_PRODUCTS_DIR; };
		A0924FB82A31C831009295E1 /* AppDelegate.swift */ = {isa = PBXFileReference; lastKnownFileType = sourcecode.swift; path = AppDelegate.swift; sourceTree = "<group>"; };
		A0924FBA2A31C831009295E1 /* SceneDelegate.swift */ = {isa = PBXFileReference; lastKnownFileType = sourcecode.swift; path = SceneDelegate.swift; sourceTree = "<group>"; };
		A0924FBC2A31C831009295E1 /* ViewController.swift */ = {isa = PBXFileReference; lastKnownFileType = sourcecode.swift; path = ViewController.swift; sourceTree = "<group>"; };
		A0924FBF2A31C831009295E1 /* Base */ = {isa = PBXFileReference; lastKnownFileType = file.storyboard; name = Base; path = Base.lproj/Main.storyboard; sourceTree = "<group>"; };
		A0924FC12A31C832009295E1 /* Assets.xcassets */ = {isa = PBXFileReference; lastKnownFileType = folder.assetcatalog; path = Assets.xcassets; sourceTree = "<group>"; };
		A0924FC42A31C832009295E1 /* Base */ = {isa = PBXFileReference; lastKnownFileType = file.storyboard; name = Base; path = Base.lproj/LaunchScreen.storyboard; sourceTree = "<group>"; };
		A0924FC62A31C832009295E1 /* Info.plist */ = {isa = PBXFileReference; lastKnownFileType = text.plist.xml; path = Info.plist; sourceTree = "<group>"; };
		A158113AD6F26812B226AB0E /* Pods-GmapCurrentLocationapp.debug.xcconfig */ = {isa = PBXFileReference; includeInIndex = 1; lastKnownFileType = text.xcconfig; name = "Pods-GmapCurrentLocationapp.debug.xcconfig"; path = "Target Support Files/Pods-GmapCurrentLocationapp/Pods-GmapCurrentLocationapp.debug.xcconfig"; sourceTree = "<group>"; };
		B0AEA80B3B69F3979F31D874 /* Pods-GmapCurrentLocationapp.release.xcconfig */ = {isa = PBXFileReference; includeInIndex = 1; lastKnownFileType = text.xcconfig; name = "Pods-GmapCurrentLocationapp.release.xcconfig"; path = "Target Support Files/Pods-GmapCurrentLocationapp/Pods-GmapCurrentLocationapp.release.xcconfig"; sourceTree = "<group>"; };
/* End PBXFileReference section */

/* Begin PBXFrameworksBuildPhase section */
		A0924FB22A31C831009295E1 /* Frameworks */ = {
			isa = PBXFrameworksBuildPhase;
			buildActionMask = 2147483647;
			files = (
				235800729A16A3F4AD327304 /* Pods_GmapCurrentLocationapp.framework in Frameworks */,
			);
			runOnlyForDeploymentPostprocessing = 0;
		};
/* End PBXFrameworksBuildPhase section */

/* Begin PBXGroup section */
		42ABB64C1E3D9AB44F7BE36B /* Pods */ = {
			isa = PBXGroup;
			children = (
				A158113AD6F26812B226AB0E /* Pods-GmapCurrentLocationapp.debug.xcconfig */,
				B0AEA80B3B69F3979F31D874 /* Pods-GmapCurrentLocationapp.release.xcconfig */,
			);
			path = Pods;
			sourceTree = "<group>";
		};
		A0924FAC2A31C831009295E1 = {
			isa = PBXGroup;
			children = (
				A0924FB72A31C831009295E1 /* GmapCurrentLocationapp */,
				A0924FB62A31C831009295E1 /* Products */,
				42ABB64C1E3D9AB44F7BE36B /* Pods */,
				BDDEE5BF3F81A2815053F49D /* Frameworks */,
			);
			sourceTree = "<group>";
		};
		A0924FB62A31C831009295E1 /* Products */ = {
			isa = PBXGroup;
			children = (
				A0924FB52A31C831009295E1 /* GmapCurrentLocationapp.app */,
			);
			name = Products;
			sourceTree = "<group>";
		};
		A0924FB72A31C831009295E1 /* GmapCurrentLocationapp */ = {
			isa = PBXGroup;
			children = (
				A0924FB82A31C831009295E1 /* AppDelegate.swift */,
				A0924FBA2A31C831009295E1 /* SceneDelegate.swift */,
				A0924FBC2A31C831009295E1 /* ViewController.swift */,
				A0924FBE2A31C831009295E1 /* Main.storyboard */,
				A0924FC12A31C832009295E1 /* Assets.xcassets */,
				A0924FC32A31C832009295E1 /* LaunchScreen.storyboard */,
				A0924FC62A31C832009295E1 /* Info.plist */,
			);
			path = GmapCurrentLocationapp;
			sourceTree = "<group>";
		};
		BDDEE5BF3F81A2815053F49D /* Frameworks */ = {
			isa = PBXGroup;
			children = (
				7ED293D1B3FFC2E0CA6E9976 /* Pods_GmapCurrentLocationapp.framework */,
			);
			name = Frameworks;
			sourceTree = "<group>";
		};
/* End PBXGroup section */

/* Begin PBXNativeTarget section */
		A0924FB42A31C831009295E1 /* GmapCurrentLocationapp */ = {
			isa = PBXNativeTarget;
			buildConfigurationList = A0924FC92A31C832009295E1 /* Build configuration list for PBXNativeTarget "GmapCurrentLocationapp" */;
			buildPhases = (
				FB0D024C8614F095EA285B81 /* [CP] Check Pods Manifest.lock */,
				A0924FB12A31C831009295E1 /* Sources */,
				A0924FB22A31C831009295E1 /* Frameworks */,
				A0924FB32A31C831009295E1 /* Resources */,
				5F542E7FDF05CBED1BFA08ED /* [CP] Copy Pods Resources */,
			);
			buildRules = (
			);
			dependencies = (
			);
			name = GmapCurrentLocationapp;
			productName = GmapCurrentLocationapp;
			productReference = A0924FB52A31C831009295E1 /* GmapCurrentLocationapp.app */;
			productType = "com.apple.product-type.application";
		};
/* End PBXNativeTarget section */

/* Begin PBXProject section */
		A0924FAD2A31C831009295E1 /* Project object */ = {
			isa = PBXProject;
			attributes = {
				BuildIndependentTargetsInParallel = 1;
				LastSwiftUpdateCheck = 1420;
				LastUpgradeCheck = 1420;
				TargetAttributes = {
					A0924FB42A31C831009295E1 = {
						CreatedOnToolsVersion = 14.2;
					};
				};
			};
			buildConfigurationList = A0924FB02A31C831009295E1 /* Build configuration list for PBXProject "GmapCurrentLocationapp" */;
			compatibilityVersion = "Xcode 14.0";
			developmentRegion = en;
			hasScannedForEncodings = 0;
			knownRegions = (
				en,
				Base,
			);
			mainGroup = A0924FAC2A31C831009295E1;
			productRefGroup = A0924FB62A31C831009295E1 /* Products */;
			projectDirPath = "";
			projectRoot = "";
			targets = (
				A0924FB42A31C831009295E1 /* GmapCurrentLocationapp */,
			);
		};
/* End PBXProject section */

/* Begin PBXResourcesBuildPhase section */
		A0924FB32A31C831009295E1 /* Resources */ = {
			isa = PBXResourcesBuildPhase;
			buildActionMask = 2147483647;
			files = (
				A0924FC52A31C832009295E1 /* LaunchScreen.storyboard in Resources */,
				A0924FC22A31C832009295E1 /* Assets.xcassets in Resources */,
				A0924FC02A31C831009295E1 /* Main.storyboard in Resources */,
			);
			runOnlyForDeploymentPostprocessing = 0;
		};
/* End PBXResourcesBuildPhase section */

/* Begin PBXShellScriptBuildPhase section */
		5F542E7FDF05CBED1BFA08ED /* [CP] Copy Pods Resources */ = {
			isa = PBXShellScriptBuildPhase;
			buildActionMask = 2147483647;
			files = (
			);
			inputFileListPaths = (
				"${PODS_ROOT}/Target Support Files/Pods-GmapCurrentLocationapp/Pods-GmapCurrentLocationapp-resources-${CONFIGURATION}-input-files.xcfilelist",
			);
			name = "[CP] Copy Pods Resources";
			outputFileListPaths = (
				"${PODS_ROOT}/Target Support Files/Pods-GmapCurrentLocationapp/Pods-GmapCurrentLocationapp-resources-${CONFIGURATION}-output-files.xcfilelist",
			);
			runOnlyForDeploymentPostprocessing = 0;
			shellPath = /bin/sh;
			shellScript = "\"${PODS_ROOT}/Target Support Files/Pods-GmapCurrentLocationapp/Pods-GmapCurrentLocationapp-resources.sh\"\n";
			showEnvVarsInLog = 0;
		};
		FB0D024C8614F095EA285B81 /* [CP] Check Pods Manifest.lock */ = {
			isa = PBXShellScriptBuildPhase;
			buildActionMask = 2147483647;
			files = (
			);
			inputFileListPaths = (
			);
			inputPaths = (
				"${PODS_PODFILE_DIR_PATH}/Podfile.lock",
				"${PODS_ROOT}/Manifest.lock",
			);
			name = "[CP] Check Pods Manifest.lock";
			outputFileListPaths = (
			);
			outputPaths = (
				"$(DERIVED_FILE_DIR)/Pods-GmapCurrentLocationapp-checkManifestLockResult.txt",
			);
			runOnlyForDeploymentPostprocessing = 0;
			shellPath = /bin/sh;
			shellScript = "diff \"${PODS_PODFILE_DIR_PATH}/Podfile.lock\" \"${PODS_ROOT}/Manifest.lock\" > /dev/null\nif [ $? != 0 ] ; then\n    # print error to STDERR\n    echo \"error: The sandbox is not in sync with the Podfile.lock. Run 'pod install' or update your CocoaPods installation.\" >&2\n    exit 1\nfi\n# This output is used by Xcode 'outputs' to avoid re-running this script phase.\necho \"SUCCESS\" > \"${SCRIPT_OUTPUT_FILE_0}\"\n";
			showEnvVarsInLog = 0;
		};
/* End PBXShellScriptBuildPhase section */

/* Begin PBXSourcesBuildPhase section */
		A0924FB12A31C831009295E1 /* Sources */ = {
			isa = PBXSourcesBuildPhase;
			buildActionMask = 2147483647;
			files = (
				A0924FBD2A31C831009295E1 /* ViewController.swift in Sources */,
				A0924FB92A31C831009295E1 /* AppDelegate.swift in Sources */,
				A0924FBB2A31C831009295E1 /* SceneDelegate.swift in Sources */,
			);
			runOnlyForDeploymentPostprocessing = 0;
		};
/* End PBXSourcesBuildPhase section */

/* Begin PBXVariantGroup section */
		A0924FBE2A31C831009295E1 /* Main.storyboard */ = {
			isa = PBXVariantGroup;
			children = (
				A0924FBF2A31C831009295E1 /* Base */,
			);
			name = Main.storyboard;
			sourceTree = "<group>";
		};
		A0924FC32A31C832009295E1 /* LaunchScreen.storyboard */ = {
			isa = PBXVariantGroup;
			children = (
				A0924FC42A31C832009295E1 /* Base */,
			);
			name = LaunchScreen.storyboard;
			sourceTree = "<group>";
		};
/* End PBXVariantGroup section */

/* Begin XCBuildConfiguration section */
		A0924FC72A31C832009295E1 /* Debug */ = {
			isa = XCBuildConfiguration;
			buildSettings = {
				ALWAYS_SEARCH_USER_PATHS = NO;
				CLANG_ANALYZER_NONNULL = YES;
				CLANG_ANALYZER_NUMBER_OBJECT_CONVERSION = YES_AGGRESSIVE;
				CLANG_CXX_LANGUAGE_STANDARD = "gnu++20";
				CLANG_ENABLE_MODULES = YES;
				CLANG_ENABLE_OBJC_ARC = YES;
				CLANG_ENABLE_OBJC_WEAK = YES;
				CLANG_WARN_BLOCK_CAPTURE_AUTORELEASING = YES;
				CLANG_WARN_BOOL_CONVERSION = YES;
				CLANG_WARN_COMMA = YES;
				CLANG_WARN_CONSTANT_CONVERSION = YES;
				CLANG_WARN_DEPRECATED_OBJC_IMPLEMENTATIONS = YES;
				CLANG_WARN_DIRECT_OBJC_ISA_USAGE = YES_ERROR;
				CLANG_WARN_DOCUMENTATION_COMMENTS = YES;
				CLANG_WARN_EMPTY_BODY = YES;
				CLANG_WARN_ENUM_CONVERSION = YES;
				CLANG_WARN_INFINITE_RECURSION = YES;
				CLANG_WARN_INT_CONVERSION = YES;
				CLANG_WARN_NON_LITERAL_NULL_CONVERSION = YES;
				CLANG_WARN_OBJC_IMPLICIT_RETAIN_SELF = YES;
				CLANG_WARN_OBJC_LITERAL_CONVERSION = YES;
				CLANG_WARN_OBJC_ROOT_CLASS = YES_ERROR;
				CLANG_WARN_QUOTED_INCLUDE_IN_FRAMEWORK_HEADER = YES;
				CLANG_WARN_RANGE_LOOP_ANALYSIS = YES;
				CLANG_WARN_STRICT_PROTOTYPES = YES;
				CLANG_WARN_SUSPICIOUS_MOVE = YES;
				CLANG_WARN_UNGUARDED_AVAILABILITY = YES_AGGRESSIVE;
				CLANG_WARN_UNREACHABLE_CODE = YES;
				CLANG_WARN__DUPLICATE_METHOD_MATCH = YES;
				COPY_PHASE_STRIP = NO;
				DEBUG_INFORMATION_FORMAT = dwarf;
				ENABLE_STRICT_OBJC_MSGSEND = YES;
				ENABLE_TESTABILITY = YES;
				"EXCLUDED_ARCHS[sdk=iphonesimulator*]" = arm64;
				GCC_C_LANGUAGE_STANDARD = gnu11;
				GCC_DYNAMIC_NO_PIC = NO;
				GCC_NO_COMMON_BLOCKS = YES;
				GCC_OPTIMIZATION_LEVEL = 0;
				GCC_PREPROCESSOR_DEFINITIONS = (
					"DEBUG=1",
					"$(inherited)",
				);
				GCC_WARN_64_TO_32_BIT_CONVERSION = YES;
				GCC_WARN_ABOUT_RETURN_TYPE = YES_ERROR;
				GCC_WARN_UNDECLARED_SELECTOR = YES;
				GCC_WARN_UNINITIALIZED_AUTOS = YES_AGGRESSIVE;
				GCC_WARN_UNUSED_FUNCTION = YES;
				GCC_WARN_UNUSED_VARIABLE = YES;
				IPHONEOS_DEPLOYMENT_TARGET = 16.2;
				MTL_ENABLE_DEBUG_INFO = INCLUDE_SOURCE;
				MTL_FAST_MATH = YES;
				ONLY_ACTIVE_ARCH = YES;
				SDKROOT = iphoneos;
				SWIFT_ACTIVE_COMPILATION_CONDITIONS = DEBUG;
				SWIFT_OPTIMIZATION_LEVEL = "-Onone";
			};
			name = Debug;
		};
		A0924FC82A31C832009295E1 /* Release */ = {
			isa = XCBuildConfiguration;
			buildSettings = {
				ALWAYS_SEARCH_USER_PATHS = NO;
				CLANG_ANALYZER_NONNULL = YES;
				CLANG_ANALYZER_NUMBER_OBJECT_CONVERSION = YES_AGGRESSIVE;
				CLANG_CXX_LANGUAGE_STANDARD = "gnu++20";
				CLANG_ENABLE_MODULES = YES;
				CLANG_ENABLE_OBJC_ARC = YES;
				CLANG_ENABLE_OBJC_WEAK = YES;
				CLANG_WARN_BLOCK_CAPTURE_AUTORELEASING = YES;
				CLANG_WARN_BOOL_CONVERSION = YES;
				CLANG_WARN_COMMA = YES;
				CLANG_WARN_CONSTANT_CONVERSION = YES;
				CLANG_WARN_DEPRECATED_OBJC_IMPLEMENTATIONS = YES;
				CLANG_WARN_DIRECT_OBJC_ISA_USAGE = YES_ERROR;
				CLANG_WARN_DOCUMENTATION_COMMENTS = YES;
				CLANG_WARN_EMPTY_BODY = YES;
				CLANG_WARN_ENUM_CONVERSION = YES;
				CLANG_WARN_INFINITE_RECURSION = YES;
				CLANG_WARN_INT_CONVERSION = YES;
				CLANG_WARN_NON_LITERAL_NULL_CONVERSION = YES;
				CLANG_WARN_OBJC_IMPLICIT_RETAIN_SELF = YES;
				CLANG_WARN_OBJC_LITERAL_CONVERSION = YES;
				CLANG_WARN_OBJC_ROOT_CLASS = YES_ERROR;
				CLANG_WARN_QUOTED_INCLUDE_IN_FRAMEWORK_HEADER = YES;
				CLANG_WARN_RANGE_LOOP_ANALYSIS = YES;
				CLANG_WARN_STRICT_PROTOTYPES = YES;
				CLANG_WARN_SUSPICIOUS_MOVE = YES;
				CLANG_WARN_UNGUARDED_AVAILABILITY = YES_AGGRESSIVE;
				CLANG_WARN_UNREACHABLE_CODE = YES;
				CLANG_WARN__DUPLICATE_METHOD_MATCH = YES;
				COPY_PHASE_STRIP = NO;
				DEBUG_INFORMATION_FORMAT = "dwarf-with-dsym";
				ENABLE_NS_ASSERTIONS = NO;
				ENABLE_STRICT_OBJC_MSGSEND = YES;
				"EXCLUDED_ARCHS[sdk=iphonesimulator*]" = arm64;
				GCC_C_LANGUAGE_STANDARD = gnu11;
				GCC_NO_COMMON_BLOCKS = YES;
				GCC_WARN_64_TO_32_BIT_CONVERSION = YES;
				GCC_WARN_ABOUT_RETURN_TYPE = YES_ERROR;
				GCC_WARN_UNDECLARED_SELECTOR = YES;
				GCC_WARN_UNINITIALIZED_AUTOS = YES_AGGRESSIVE;
				GCC_WARN_UNUSED_FUNCTION = YES;
				GCC_WARN_UNUSED_VARIABLE = YES;
				IPHONEOS_DEPLOYMENT_TARGET = 16.2;
				MTL_ENABLE_DEBUG_INFO = NO;
				MTL_FAST_MATH = YES;
				SDKROOT = iphoneos;
				SWIFT_COMPILATION_MODE = wholemodule;
				SWIFT_OPTIMIZATION_LEVEL = "-O";
				VALIDATE_PRODUCT = YES;
			};
			name = Release;
		};
		A0924FCA2A31C832009295E1 /* Debug */ = {
			isa = XCBuildConfiguration;
			baseConfigurationReference = A158113AD6F26812B226AB0E /* Pods-GmapCurrentLocationapp.debug.xcconfig */;
			buildSettings = {
				ASSETCATALOG_COMPILER_APPICON_NAME = AppIcon;
				ASSETCATALOG_COMPILER_GLOBAL_ACCENT_COLOR_NAME = AccentColor;
				CODE_SIGN_STYLE = Automatic;
				CURRENT_PROJECT_VERSION = 1;
				GENERATE_INFOPLIST_FILE = YES;
				INFOPLIST_FILE = GmapCurrentLocationapp/Info.plist;
				INFOPLIST_KEY_UIApplicationSupportsIndirectInputEvents = YES;
				INFOPLIST_KEY_UILaunchStoryboardName = LaunchScreen;
				INFOPLIST_KEY_UIMainStoryboardFile = Main;
				INFOPLIST_KEY_UISupportedInterfaceOrientations_iPad = "UIInterfaceOrientationPortrait UIInterfaceOrientationPortraitUpsideDown UIInterfaceOrientationLandscapeLeft UIInterfaceOrientationLandscapeRight";
				INFOPLIST_KEY_UISupportedInterfaceOrientations_iPhone = "UIInterfaceOrientationPortrait UIInterfaceOrientationLandscapeLeft UIInterfaceOrientationLandscapeRight";
				LD_RUNPATH_SEARCH_PATHS = (
					"$(inherited)",
					"@executable_path/Frameworks",
				);
				MARKETING_VERSION = 1.0;
				PRODUCT_BUNDLE_IDENTIFIER = demo.GmapCurrentLocationapp;
				PRODUCT_NAME = "$(TARGET_NAME)";
				SWIFT_EMIT_LOC_STRINGS = YES;
				SWIFT_VERSION = 5.0;
				TARGETED_DEVICE_FAMILY = "1,2";
			};
			name = Debug;
		};
		A0924FCB2A31C832009295E1 /* Release */ = {
			isa = XCBuildConfiguration;
			baseConfigurationReference = B0AEA80B3B69F3979F31D874 /* Pods-GmapCurrentLocationapp.release.xcconfig */;
			buildSettings = {
				ASSETCATALOG_COMPILER_APPICON_NAME = AppIcon;
				ASSETCATALOG_COMPILER_GLOBAL_ACCENT_COLOR_NAME = AccentColor;
				CODE_SIGN_STYLE = Automatic;
				CURRENT_PROJECT_VERSION = 1;
				GENERATE_INFOPLIST_FILE = YES;
				INFOPLIST_FILE = GmapCurrentLocationapp/Info.plist;
				INFOPLIST_KEY_UIApplicationSupportsIndirectInputEvents = YES;
				INFOPLIST_KEY_UILaunchStoryboardName = LaunchScreen;
				INFOPLIST_KEY_UIMainStoryboardFile = Main;
				INFOPLIST_KEY_UISupportedInterfaceOrientations_iPad = "UIInterfaceOrientationPortrait UIInterfaceOrientationPortraitUpsideDown UIInterfaceOrientationLandscapeLeft UIInterfaceOrientationLandscapeRight";
				INFOPLIST_KEY_UISupportedInterfaceOrientations_iPhone = "UIInterfaceOrientationPortrait UIInterfaceOrientationLandscapeLeft UIInterfaceOrientationLandscapeRight";
				LD_RUNPATH_SEARCH_PATHS = (
					"$(inherited)",
					"@executable_path/Frameworks",
				);
				MARKETING_VERSION = 1.0;
				PRODUCT_BUNDLE_IDENTIFIER = demo.GmapCurrentLocationapp;
				PRODUCT_NAME = "$(TARGET_NAME)";
				SWIFT_EMIT_LOC_STRINGS = YES;
				SWIFT_VERSION = 5.0;
				TARGETED_DEVICE_FAMILY = "1,2";
			};
			name = Release;
		};
/* End XCBuildConfiguration section */

/* Begin XCConfigurationList section */
		A0924FB02A31C831009295E1 /* Build configuration list for PBXProject "GmapCurrentLocationapp" */ = {
			isa = XCConfigurationList;
			buildConfigurations = (
				A0924FC72A31C832009295E1 /* Debug */,
				A0924FC82A31C832009295E1 /* Release */,
			);
			defaultConfigurationIsVisible = 0;
			defaultConfigurationName = Release;
		};
		A0924FC92A31C832009295E1 /* Build configuration list for PBXNativeTarget "GmapCurrentLocationapp" */ = {
			isa = XCConfigurationList;
			buildConfigurations = (
				A0924FCA2A31C832009295E1 /* Debug */,
				A0924FCB2A31C832009295E1 /* Release */,
			);
			defaultConfigurationIsVisible = 0;
			defaultConfigurationName = Release;
		};
/* End XCConfigurationList section */
	};
	rootObject = A0924FAD2A31C831009295E1 /* Project object */;
}
